
Microsoft Visual Studio Solution File, Format Version 12.00
# Visual Studio Version 16
VisualStudioVersion = 16.0.31702.278
MinimumVisualStudioVersion = 10.0.40219.1
Project("{FAE04EC0-301F-11D3-BF4B-00C04F79EFBC}") = "Output-Parameter-13-12-21 Re", "Output-Parameter-13-12-21 Re.csproj", "{105BD027-07EF-4DF4-93D3-E45F16E287BE}"
EndProject
Global
	GlobalSection(SolutionConfigurationPlatforms) = preSolution
		Debug|Any CPU = Debug|Any CPU
		Release|Any CPU = Release|Any CPU
	EndGlobalSection
	GlobalSection(ProjectConfigurationPlatforms) = postSolution
		{105BD027-07EF-4DF4-93D3-E45F16E287BE}.Debug|Any CPU.ActiveCfg = Debug|Any CPU
		{105BD027-07EF-4DF4-93D3-E45F16E287BE}.Debug|Any CPU.Build.0 = Debug|Any CPU
		{105BD027-07EF-4DF4-93D3-E45F16E287BE}.Release|Any CPU.ActiveCfg = Release|Any CPU
		{105BD027-07EF-4DF4-93D3-E45F16E287BE}.Release|Any CPU.Build.0 = Release|Any CPU
	EndGlobalSection
	GlobalSection(SolutionProperties) = preSolution
		HideSolutionNode = FALSE
	EndGlobalSection
	GlobalSection(ExtensibilityGlobals) = postSolution
		SolutionGuid = {247551B8-5162-4B7B-B9ED-6420E7A3C0E9}
	EndGlobalSection
EndGlobal
