
Microsoft Visual Studio Solution File, Format Version 12.00
# Visual Studio Version 16
VisualStudioVersion = 16.0.31702.278
MinimumVisualStudioVersion = 10.0.40219.1
Project("{FAE04EC0-301F-11D3-BF4B-00C04F79EFBC}") = "Hierachical-Inheritance", "Hierachical-Inheritance.csproj", "{6DAF396B-0010-4081-BD82-550D9964AF07}"
EndProject
Global
	GlobalSection(SolutionConfigurationPlatforms) = preSolution
		Debug|Any CPU = Debug|Any CPU
		Release|Any CPU = Release|Any CPU
	EndGlobalSection
	GlobalSection(ProjectConfigurationPlatforms) = postSolution
		{6DAF396B-0010-4081-BD82-550D9964AF07}.Debug|Any CPU.ActiveCfg = Debug|Any CPU
		{6DAF396B-0010-4081-BD82-550D9964AF07}.Debug|Any CPU.Build.0 = Debug|Any CPU
		{6DAF396B-0010-4081-BD82-550D9964AF07}.Release|Any CPU.ActiveCfg = Release|Any CPU
		{6DAF396B-0010-4081-BD82-550D9964AF07}.Release|Any CPU.Build.0 = Release|Any CPU
	EndGlobalSection
	GlobalSection(SolutionProperties) = preSolution
		HideSolutionNode = FALSE
	EndGlobalSection
	GlobalSection(ExtensibilityGlobals) = postSolution
		SolutionGuid = {3BE19BCB-E33E-49CB-B39E-133EDB5C87AE}
	EndGlobalSection
EndGlobal
