
Microsoft Visual Studio Solution File, Format Version 12.00
# Visual Studio Version 16
VisualStudioVersion = 16.0.31702.278
MinimumVisualStudioVersion = 10.0.40219.1
Project("{FAE04EC0-301F-11D3-BF4B-00C04F79EFBC}") = "ConsoleApp3", "ConsoleApp3.csproj", "{27278CA9-7D6D-48EC-99AF-4912DA70F40F}"
EndProject
Global
	GlobalSection(SolutionConfigurationPlatforms) = preSolution
		Debug|Any CPU = Debug|Any CPU
		Release|Any CPU = Release|Any CPU
	EndGlobalSection
	GlobalSection(ProjectConfigurationPlatforms) = postSolution
		{27278CA9-7D6D-48EC-99AF-4912DA70F40F}.Debug|Any CPU.ActiveCfg = Debug|Any CPU
		{27278CA9-7D6D-48EC-99AF-4912DA70F40F}.Debug|Any CPU.Build.0 = Debug|Any CPU
		{27278CA9-7D6D-48EC-99AF-4912DA70F40F}.Release|Any CPU.ActiveCfg = Release|Any CPU
		{27278CA9-7D6D-48EC-99AF-4912DA70F40F}.Release|Any CPU.Build.0 = Release|Any CPU
	EndGlobalSection
	GlobalSection(SolutionProperties) = preSolution
		HideSolutionNode = FALSE
	EndGlobalSection
	GlobalSection(ExtensibilityGlobals) = postSolution
		SolutionGuid = {2CD862A2-4EB0-4A8A-993A-F1C8C58B9BF7}
	EndGlobalSection
EndGlobal
