
Microsoft Visual Studio Solution File, Format Version 12.00
# Visual Studio Version 16
VisualStudioVersion = 16.0.31702.278
MinimumVisualStudioVersion = 10.0.40219.1
Project("{FAE04EC0-301F-11D3-BF4B-00C04F79EFBC}") = "Multilevel-Inheritance", "Multilevel-Inheritance.csproj", "{737665B4-E024-4CA1-8CC4-911578F416E8}"
EndProject
Global
	GlobalSection(SolutionConfigurationPlatforms) = preSolution
		Debug|Any CPU = Debug|Any CPU
		Release|Any CPU = Release|Any CPU
	EndGlobalSection
	GlobalSection(ProjectConfigurationPlatforms) = postSolution
		{737665B4-E024-4CA1-8CC4-911578F416E8}.Debug|Any CPU.ActiveCfg = Debug|Any CPU
		{737665B4-E024-4CA1-8CC4-911578F416E8}.Debug|Any CPU.Build.0 = Debug|Any CPU
		{737665B4-E024-4CA1-8CC4-911578F416E8}.Release|Any CPU.ActiveCfg = Release|Any CPU
		{737665B4-E024-4CA1-8CC4-911578F416E8}.Release|Any CPU.Build.0 = Release|Any CPU
	EndGlobalSection
	GlobalSection(SolutionProperties) = preSolution
		HideSolutionNode = FALSE
	EndGlobalSection
	GlobalSection(ExtensibilityGlobals) = postSolution
		SolutionGuid = {29CEE363-FE77-49E1-8FAB-0E693E211880}
	EndGlobalSection
EndGlobal
