
Microsoft Visual Studio Solution File, Format Version 12.00
# Visual Studio Version 16
VisualStudioVersion = 16.0.31702.278
MinimumVisualStudioVersion = 10.0.40219.1
Project("{FAE04EC0-301F-11D3-BF4B-00C04F79EFBC}") = "Login", "Login.csproj", "{0BB00B17-799A-4E3A-9CAE-0377D68C2D92}"
EndProject
Global
	GlobalSection(SolutionConfigurationPlatforms) = preSolution
		Debug|Any CPU = Debug|Any CPU
		Release|Any CPU = Release|Any CPU
	EndGlobalSection
	GlobalSection(ProjectConfigurationPlatforms) = postSolution
		{0BB00B17-799A-4E3A-9CAE-0377D68C2D92}.Debug|Any CPU.ActiveCfg = Debug|Any CPU
		{0BB00B17-799A-4E3A-9CAE-0377D68C2D92}.Debug|Any CPU.Build.0 = Debug|Any CPU
		{0BB00B17-799A-4E3A-9CAE-0377D68C2D92}.Release|Any CPU.ActiveCfg = Release|Any CPU
		{0BB00B17-799A-4E3A-9CAE-0377D68C2D92}.Release|Any CPU.Build.0 = Release|Any CPU
	EndGlobalSection
	GlobalSection(SolutionProperties) = preSolution
		HideSolutionNode = FALSE
	EndGlobalSection
	GlobalSection(ExtensibilityGlobals) = postSolution
		SolutionGuid = {B300CC16-F219-4CEC-92BF-01B3F4713754}
	EndGlobalSection
EndGlobal
