
Microsoft Visual Studio Solution File, Format Version 12.00
# Visual Studio Version 16
VisualStudioVersion = 16.0.31702.278
MinimumVisualStudioVersion = 10.0.40219.1
Project("{FAE04EC0-301F-11D3-BF4B-00C04F79EFBC}") = "MarksheetResult", "MarksheetResult.csproj", "{C07E1F96-757A-4909-A715-9523DE729498}"
EndProject
Global
	GlobalSection(SolutionConfigurationPlatforms) = preSolution
		Debug|Any CPU = Debug|Any CPU
		Release|Any CPU = Release|Any CPU
	EndGlobalSection
	GlobalSection(ProjectConfigurationPlatforms) = postSolution
		{C07E1F96-757A-4909-A715-9523DE729498}.Debug|Any CPU.ActiveCfg = Debug|Any CPU
		{C07E1F96-757A-4909-A715-9523DE729498}.Debug|Any CPU.Build.0 = Debug|Any CPU
		{C07E1F96-757A-4909-A715-9523DE729498}.Release|Any CPU.ActiveCfg = Release|Any CPU
		{C07E1F96-757A-4909-A715-9523DE729498}.Release|Any CPU.Build.0 = Release|Any CPU
	EndGlobalSection
	GlobalSection(SolutionProperties) = preSolution
		HideSolutionNode = FALSE
	EndGlobalSection
	GlobalSection(ExtensibilityGlobals) = postSolution
		SolutionGuid = {20C97450-3DE3-4505-A589-4633312014AD}
	EndGlobalSection
EndGlobal
